
Microsoft Visual Studio Solution File, Format Version 12.00
# Visual Studio Version 16
VisualStudioVersion = 16.0.30804.86
MinimumVisualStudioVersion = 10.0.40219.1
Project("{8BC9CEB8-8B4A-11D0-8D11-00A0C91BC942}") = "KfzSteuer", "KfzSteuer\KfzSteuer.vcxproj", "{19E127F3-801B-4A19-838C-3765E9835A07}"
EndProject
Project("{8BC9CEB8-8B4A-11D0-8D11-00A0C91BC942}") = "PrimfaktorZerlegung", "PrimfaktorZerlegung\PrimfaktorZerlegung.vcxproj", "{6627649E-2684-4F4B-8309-2227C1133140}"
EndProject
Project("{8BC9CEB8-8B4A-11D0-8D11-00A0C91BC942}") = "TernaryLogic", "TernaryLogic\TernaryLogic.vcxproj", "{5E914A7B-0FAB-4DEC-BB8C-15606C613848}"
EndProject
Project("{8BC9CEB8-8B4A-11D0-8D11-00A0C91BC942}") = "Zahlenpyramide", "Zahlenpyramide\Zahlenpyramide.vcxproj", "{31679D72-5935-4332-8C97-8F23B857651C}"
EndProject
Project("{8BC9CEB8-8B4A-11D0-8D11-00A0C91BC942}") = "Quadratzahlen", "Quadratzahlen\Quadratzahlen.vcxproj", "{491B9F65-C831-48EE-861F-5E3DA3EF6161}"
EndProject
Project("{8BC9CEB8-8B4A-11D0-8D11-00A0C91BC942}") = "ZielwertSuche", "ZielwertSuche\ZielwertSuche.vcxproj", "{C793E67F-71CF-48D6-826D-D57001314C83}"
EndProject
Project("{8BC9CEB8-8B4A-11D0-8D11-00A0C91BC942}") = "BerechnungMedian", "BerechnungMedian\BerechnungMedian.vcxproj", "{11EDF30A-AC6E-422F-A87C-96F1326AC8B4}"
EndProject
Project("{8BC9CEB8-8B4A-11D0-8D11-00A0C91BC942}") = "PeriodenlaengeStammbruch", "PeriodenlaengeStammbruch\PeriodenlaengeStammbruch.vcxproj", "{AF1CCCC7-19D8-4481-97F9-E26637BCD70D}"
EndProject
Project("{8BC9CEB8-8B4A-11D0-8D11-00A0C91BC942}") = "MobilfunkRechnung", "MobilfunkRechnung\MobilfunkRechnung.vcxproj", "{224AC34C-AE79-4FB0-96B0-FB2E6B9A54B3}"
EndProject
Project("{8BC9CEB8-8B4A-11D0-8D11-00A0C91BC942}") = "KniffelVereinfacht", "KniffelVereinfacht\KniffelVereinfacht.vcxproj", "{0921B10C-4416-4243-B75E-88686D475FF5}"
EndProject
Project("{8BC9CEB8-8B4A-11D0-8D11-00A0C91BC942}") = "InverseFakultaet", "InverseFakultaet\InverseFakultaet.vcxproj", "{03E769B5-6758-48DB-B75E-F4C233F42940}"
EndProject
Project("{8BC9CEB8-8B4A-11D0-8D11-00A0C91BC942}") = "Fakultaet", "Fakultaet\Fakultaet.vcxproj", "{B67D60DA-01D6-4D39-AADA-D1E1D67AAE6E}"
EndProject
Project("{8BC9CEB8-8B4A-11D0-8D11-00A0C91BC942}") = "Fibonacci", "Fibonacci\Fibonacci.vcxproj", "{0A9F81D5-1FA6-44E5-9D06-C08E92DB88BA}"
EndProject
Project("{8BC9CEB8-8B4A-11D0-8D11-00A0C91BC942}") = "EuklidAlgorithmus", "EuklidAlgorithmus\EuklidAlgorithmus.vcxproj", "{6DBE2C8B-AAB0-4AC0-9258-E49B52EC353D}"
EndProject
Project("{8BC9CEB8-8B4A-11D0-8D11-00A0C91BC942}") = "Aufgabe66", "Aufgabe66\Aufgabe66.vcxproj", "{261FB662-1932-479F-A6EE-D9D3D2799CF8}"
EndProject
Project("{8BC9CEB8-8B4A-11D0-8D11-00A0C91BC942}") = "GanzeZahlen", "GanzeZahlen\GanzeZahlen.vcxproj", "{F2D67A7C-2901-4047-A9BF-F1927BE498B8}"
EndProject
Global
	GlobalSection(SolutionConfigurationPlatforms) = preSolution
		Debug|Any CPU = Debug|Any CPU
		Debug|x64 = Debug|x64
		Debug|x86 = Debug|x86
		Release|Any CPU = Release|Any CPU
		Release|x64 = Release|x64
		Release|x86 = Release|x86
	EndGlobalSection
	GlobalSection(ProjectConfigurationPlatforms) = postSolution
		{19E127F3-801B-4A19-838C-3765E9835A07}.Debug|Any CPU.ActiveCfg = Debug|Win32
		{19E127F3-801B-4A19-838C-3765E9835A07}.Debug|x64.ActiveCfg = Debug|x64
		{19E127F3-801B-4A19-838C-3765E9835A07}.Debug|x64.Build.0 = Debug|x64
		{19E127F3-801B-4A19-838C-3765E9835A07}.Debug|x86.ActiveCfg = Debug|Win32
		{19E127F3-801B-4A19-838C-3765E9835A07}.Debug|x86.Build.0 = Debug|Win32
		{19E127F3-801B-4A19-838C-3765E9835A07}.Release|Any CPU.ActiveCfg = Release|Win32
		{19E127F3-801B-4A19-838C-3765E9835A07}.Release|x64.ActiveCfg = Release|x64
		{19E127F3-801B-4A19-838C-3765E9835A07}.Release|x64.Build.0 = Release|x64
		{19E127F3-801B-4A19-838C-3765E9835A07}.Release|x86.ActiveCfg = Release|Win32
		{19E127F3-801B-4A19-838C-3765E9835A07}.Release|x86.Build.0 = Release|Win32
		{6627649E-2684-4F4B-8309-2227C1133140}.Debug|Any CPU.ActiveCfg = Debug|Win32
		{6627649E-2684-4F4B-8309-2227C1133140}.Debug|x64.ActiveCfg = Debug|x64
		{6627649E-2684-4F4B-8309-2227C1133140}.Debug|x64.Build.0 = Debug|x64
		{6627649E-2684-4F4B-8309-2227C1133140}.Debug|x86.ActiveCfg = Debug|Win32
		{6627649E-2684-4F4B-8309-2227C1133140}.Debug|x86.Build.0 = Debug|Win32
		{6627649E-2684-4F4B-8309-2227C1133140}.Release|Any CPU.ActiveCfg = Release|Win32
		{6627649E-2684-4F4B-8309-2227C1133140}.Release|x64.ActiveCfg = Release|x64
		{6627649E-2684-4F4B-8309-2227C1133140}.Release|x64.Build.0 = Release|x64
		{6627649E-2684-4F4B-8309-2227C1133140}.Release|x86.ActiveCfg = Release|Win32
		{6627649E-2684-4F4B-8309-2227C1133140}.Release|x86.Build.0 = Release|Win32
		{5E914A7B-0FAB-4DEC-BB8C-15606C613848}.Debug|Any CPU.ActiveCfg = Debug|Win32
		{5E914A7B-0FAB-4DEC-BB8C-15606C613848}.Debug|x64.ActiveCfg = Debug|x64
		{5E914A7B-0FAB-4DEC-BB8C-15606C613848}.Debug|x64.Build.0 = Debug|x64
		{5E914A7B-0FAB-4DEC-BB8C-15606C613848}.Debug|x86.ActiveCfg = Debug|Win32
		{5E914A7B-0FAB-4DEC-BB8C-15606C613848}.Debug|x86.Build.0 = Debug|Win32
		{5E914A7B-0FAB-4DEC-BB8C-15606C613848}.Release|Any CPU.ActiveCfg = Release|Win32
		{5E914A7B-0FAB-4DEC-BB8C-15606C613848}.Release|x64.ActiveCfg = Release|x64
		{5E914A7B-0FAB-4DEC-BB8C-15606C613848}.Release|x64.Build.0 = Release|x64
		{5E914A7B-0FAB-4DEC-BB8C-15606C613848}.Release|x86.ActiveCfg = Release|Win32
		{5E914A7B-0FAB-4DEC-BB8C-15606C613848}.Release|x86.Build.0 = Release|Win32
		{31679D72-5935-4332-8C97-8F23B857651C}.Debug|Any CPU.ActiveCfg = Debug|Win32
		{31679D72-5935-4332-8C97-8F23B857651C}.Debug|x64.ActiveCfg = Debug|x64
		{31679D72-5935-4332-8C97-8F23B857651C}.Debug|x64.Build.0 = Debug|x64
		{31679D72-5935-4332-8C97-8F23B857651C}.Debug|x86.ActiveCfg = Debug|Win32
		{31679D72-5935-4332-8C97-8F23B857651C}.Debug|x86.Build.0 = Debug|Win32
		{31679D72-5935-4332-8C97-8F23B857651C}.Release|Any CPU.ActiveCfg = Release|Win32
		{31679D72-5935-4332-8C97-8F23B857651C}.Release|x64.ActiveCfg = Release|x64
		{31679D72-5935-4332-8C97-8F23B857651C}.Release|x64.Build.0 = Release|x64
		{31679D72-5935-4332-8C97-8F23B857651C}.Release|x86.ActiveCfg = Release|Win32
		{31679D72-5935-4332-8C97-8F23B857651C}.Release|x86.Build.0 = Release|Win32
		{491B9F65-C831-48EE-861F-5E3DA3EF6161}.Debug|Any CPU.ActiveCfg = Debug|Win32
		{491B9F65-C831-48EE-861F-5E3DA3EF6161}.Debug|x64.ActiveCfg = Debug|x64
		{491B9F65-C831-48EE-861F-5E3DA3EF6161}.Debug|x64.Build.0 = Debug|x64
		{491B9F65-C831-48EE-861F-5E3DA3EF6161}.Debug|x86.ActiveCfg = Debug|Win32
		{491B9F65-C831-48EE-861F-5E3DA3EF6161}.Debug|x86.Build.0 = Debug|Win32
		{491B9F65-C831-48EE-861F-5E3DA3EF6161}.Release|Any CPU.ActiveCfg = Release|Win32
		{491B9F65-C831-48EE-861F-5E3DA3EF6161}.Release|x64.ActiveCfg = Release|x64
		{491B9F65-C831-48EE-861F-5E3DA3EF6161}.Release|x64.Build.0 = Release|x64
		{491B9F65-C831-48EE-861F-5E3DA3EF6161}.Release|x86.ActiveCfg = Release|Win32
		{491B9F65-C831-48EE-861F-5E3DA3EF6161}.Release|x86.Build.0 = Release|Win32
		{C793E67F-71CF-48D6-826D-D57001314C83}.Debug|Any CPU.ActiveCfg = Debug|Win32
		{C793E67F-71CF-48D6-826D-D57001314C83}.Debug|x64.ActiveCfg = Debug|x64
		{C793E67F-71CF-48D6-826D-D57001314C83}.Debug|x64.Build.0 = Debug|x64
		{C793E67F-71CF-48D6-826D-D57001314C83}.Debug|x86.ActiveCfg = Debug|Win32
		{C793E67F-71CF-48D6-826D-D57001314C83}.Debug|x86.Build.0 = Debug|Win32
		{C793E67F-71CF-48D6-826D-D57001314C83}.Release|Any CPU.ActiveCfg = Release|Win32
		{C793E67F-71CF-48D6-826D-D57001314C83}.Release|x64.ActiveCfg = Release|x64
		{C793E67F-71CF-48D6-826D-D57001314C83}.Release|x64.Build.0 = Release|x64
		{C793E67F-71CF-48D6-826D-D57001314C83}.Release|x86.ActiveCfg = Release|Win32
		{C793E67F-71CF-48D6-826D-D57001314C83}.Release|x86.Build.0 = Release|Win32
		{11EDF30A-AC6E-422F-A87C-96F1326AC8B4}.Debug|Any CPU.ActiveCfg = Debug|Win32
		{11EDF30A-AC6E-422F-A87C-96F1326AC8B4}.Debug|x64.ActiveCfg = Debug|x64
		{11EDF30A-AC6E-422F-A87C-96F1326AC8B4}.Debug|x64.Build.0 = Debug|x64
		{11EDF30A-AC6E-422F-A87C-96F1326AC8B4}.Debug|x86.ActiveCfg = Debug|Win32
		{11EDF30A-AC6E-422F-A87C-96F1326AC8B4}.Debug|x86.Build.0 = Debug|Win32
		{11EDF30A-AC6E-422F-A87C-96F1326AC8B4}.Release|Any CPU.ActiveCfg = Release|Win32
		{11EDF30A-AC6E-422F-A87C-96F1326AC8B4}.Release|x64.ActiveCfg = Release|x64
		{11EDF30A-AC6E-422F-A87C-96F1326AC8B4}.Release|x64.Build.0 = Release|x64
		{11EDF30A-AC6E-422F-A87C-96F1326AC8B4}.Release|x86.ActiveCfg = Release|Win32
		{11EDF30A-AC6E-422F-A87C-96F1326AC8B4}.Release|x86.Build.0 = Release|Win32
		{AF1CCCC7-19D8-4481-97F9-E26637BCD70D}.Debug|Any CPU.ActiveCfg = Debug|Win32
		{AF1CCCC7-19D8-4481-97F9-E26637BCD70D}.Debug|x64.ActiveCfg = Debug|x64
		{AF1CCCC7-19D8-4481-97F9-E26637BCD70D}.Debug|x64.Build.0 = Debug|x64
		{AF1CCCC7-19D8-4481-97F9-E26637BCD70D}.Debug|x86.ActiveCfg = Debug|Win32
		{AF1CCCC7-19D8-4481-97F9-E26637BCD70D}.Debug|x86.Build.0 = Debug|Win32
		{AF1CCCC7-19D8-4481-97F9-E26637BCD70D}.Release|Any CPU.ActiveCfg = Release|Win32
		{AF1CCCC7-19D8-4481-97F9-E26637BCD70D}.Release|x64.ActiveCfg = Release|x64
		{AF1CCCC7-19D8-4481-97F9-E26637BCD70D}.Release|x64.Build.0 = Release|x64
		{AF1CCCC7-19D8-4481-97F9-E26637BCD70D}.Release|x86.ActiveCfg = Release|Win32
		{AF1CCCC7-19D8-4481-97F9-E26637BCD70D}.Release|x86.Build.0 = Release|Win32
		{224AC34C-AE79-4FB0-96B0-FB2E6B9A54B3}.Debug|Any CPU.ActiveCfg = Debug|Win32
		{224AC34C-AE79-4FB0-96B0-FB2E6B9A54B3}.Debug|x64.ActiveCfg = Debug|x64
		{224AC34C-AE79-4FB0-96B0-FB2E6B9A54B3}.Debug|x64.Build.0 = Debug|x64
		{224AC34C-AE79-4FB0-96B0-FB2E6B9A54B3}.Debug|x86.ActiveCfg = Debug|Win32
		{224AC34C-AE79-4FB0-96B0-FB2E6B9A54B3}.Debug|x86.Build.0 = Debug|Win32
		{224AC34C-AE79-4FB0-96B0-FB2E6B9A54B3}.Release|Any CPU.ActiveCfg = Release|Win32
		{224AC34C-AE79-4FB0-96B0-FB2E6B9A54B3}.Release|x64.ActiveCfg = Release|x64
		{224AC34C-AE79-4FB0-96B0-FB2E6B9A54B3}.Release|x64.Build.0 = Release|x64
		{224AC34C-AE79-4FB0-96B0-FB2E6B9A54B3}.Release|x86.ActiveCfg = Release|Win32
		{224AC34C-AE79-4FB0-96B0-FB2E6B9A54B3}.Release|x86.Build.0 = Release|Win32
		{0921B10C-4416-4243-B75E-88686D475FF5}.Debug|Any CPU.ActiveCfg = Debug|Win32
		{0921B10C-4416-4243-B75E-88686D475FF5}.Debug|x64.ActiveCfg = Debug|x64
		{0921B10C-4416-4243-B75E-88686D475FF5}.Debug|x64.Build.0 = Debug|x64
		{0921B10C-4416-4243-B75E-88686D475FF5}.Debug|x86.ActiveCfg = Debug|Win32
		{0921B10C-4416-4243-B75E-88686D475FF5}.Debug|x86.Build.0 = Debug|Win32
		{0921B10C-4416-4243-B75E-88686D475FF5}.Release|Any CPU.ActiveCfg = Release|Win32
		{0921B10C-4416-4243-B75E-88686D475FF5}.Release|x64.ActiveCfg = Release|x64
		{0921B10C-4416-4243-B75E-88686D475FF5}.Release|x64.Build.0 = Release|x64
		{0921B10C-4416-4243-B75E-88686D475FF5}.Release|x86.ActiveCfg = Release|Win32
		{0921B10C-4416-4243-B75E-88686D475FF5}.Release|x86.Build.0 = Release|Win32
		{03E769B5-6758-48DB-B75E-F4C233F42940}.Debug|Any CPU.ActiveCfg = Debug|Win32
		{03E769B5-6758-48DB-B75E-F4C233F42940}.Debug|x64.ActiveCfg = Debug|x64
		{03E769B5-6758-48DB-B75E-F4C233F42940}.Debug|x64.Build.0 = Debug|x64
		{03E769B5-6758-48DB-B75E-F4C233F42940}.Debug|x86.ActiveCfg = Debug|Win32
		{03E769B5-6758-48DB-B75E-F4C233F42940}.Debug|x86.Build.0 = Debug|Win32
		{03E769B5-6758-48DB-B75E-F4C233F42940}.Release|Any CPU.ActiveCfg = Release|Win32
		{03E769B5-6758-48DB-B75E-F4C233F42940}.Release|x64.ActiveCfg = Release|x64
		{03E769B5-6758-48DB-B75E-F4C233F42940}.Release|x64.Build.0 = Release|x64
		{03E769B5-6758-48DB-B75E-F4C233F42940}.Release|x86.ActiveCfg = Release|Win32
		{03E769B5-6758-48DB-B75E-F4C233F42940}.Release|x86.Build.0 = Release|Win32
		{B67D60DA-01D6-4D39-AADA-D1E1D67AAE6E}.Debug|Any CPU.ActiveCfg = Debug|Win32
		{B67D60DA-01D6-4D39-AADA-D1E1D67AAE6E}.Debug|x64.ActiveCfg = Debug|x64
		{B67D60DA-01D6-4D39-AADA-D1E1D67AAE6E}.Debug|x64.Build.0 = Debug|x64
		{B67D60DA-01D6-4D39-AADA-D1E1D67AAE6E}.Debug|x86.ActiveCfg = Debug|Win32
		{B67D60DA-01D6-4D39-AADA-D1E1D67AAE6E}.Debug|x86.Build.0 = Debug|Win32
		{B67D60DA-01D6-4D39-AADA-D1E1D67AAE6E}.Release|Any CPU.ActiveCfg = Release|Win32
		{B67D60DA-01D6-4D39-AADA-D1E1D67AAE6E}.Release|x64.ActiveCfg = Release|x64
		{B67D60DA-01D6-4D39-AADA-D1E1D67AAE6E}.Release|x64.Build.0 = Release|x64
		{B67D60DA-01D6-4D39-AADA-D1E1D67AAE6E}.Release|x86.ActiveCfg = Release|Win32
		{B67D60DA-01D6-4D39-AADA-D1E1D67AAE6E}.Release|x86.Build.0 = Release|Win32
		{0A9F81D5-1FA6-44E5-9D06-C08E92DB88BA}.Debug|Any CPU.ActiveCfg = Debug|Win32
		{0A9F81D5-1FA6-44E5-9D06-C08E92DB88BA}.Debug|x64.ActiveCfg = Debug|x64
		{0A9F81D5-1FA6-44E5-9D06-C08E92DB88BA}.Debug|x64.Build.0 = Debug|x64
		{0A9F81D5-1FA6-44E5-9D06-C08E92DB88BA}.Debug|x86.ActiveCfg = Debug|Win32
		{0A9F81D5-1FA6-44E5-9D06-C08E92DB88BA}.Debug|x86.Build.0 = Debug|Win32
		{0A9F81D5-1FA6-44E5-9D06-C08E92DB88BA}.Release|Any CPU.ActiveCfg = Release|Win32
		{0A9F81D5-1FA6-44E5-9D06-C08E92DB88BA}.Release|x64.ActiveCfg = Release|x64
		{0A9F81D5-1FA6-44E5-9D06-C08E92DB88BA}.Release|x64.Build.0 = Release|x64
		{0A9F81D5-1FA6-44E5-9D06-C08E92DB88BA}.Release|x86.ActiveCfg = Release|Win32
		{0A9F81D5-1FA6-44E5-9D06-C08E92DB88BA}.Release|x86.Build.0 = Release|Win32
		{6DBE2C8B-AAB0-4AC0-9258-E49B52EC353D}.Debug|Any CPU.ActiveCfg = Debug|Win32
		{6DBE2C8B-AAB0-4AC0-9258-E49B52EC353D}.Debug|x64.ActiveCfg = Debug|x64
		{6DBE2C8B-AAB0-4AC0-9258-E49B52EC353D}.Debug|x64.Build.0 = Debug|x64
		{6DBE2C8B-AAB0-4AC0-9258-E49B52EC353D}.Debug|x86.ActiveCfg = Debug|Win32
		{6DBE2C8B-AAB0-4AC0-9258-E49B52EC353D}.Debug|x86.Build.0 = Debug|Win32
		{6DBE2C8B-AAB0-4AC0-9258-E49B52EC353D}.Release|Any CPU.ActiveCfg = Release|Win32
		{6DBE2C8B-AAB0-4AC0-9258-E49B52EC353D}.Release|x64.ActiveCfg = Release|x64
		{6DBE2C8B-AAB0-4AC0-9258-E49B52EC353D}.Release|x64.Build.0 = Release|x64
		{6DBE2C8B-AAB0-4AC0-9258-E49B52EC353D}.Release|x86.ActiveCfg = Release|Win32
		{6DBE2C8B-AAB0-4AC0-9258-E49B52EC353D}.Release|x86.Build.0 = Release|Win32
		{261FB662-1932-479F-A6EE-D9D3D2799CF8}.Debug|Any CPU.ActiveCfg = Debug|Win32
		{261FB662-1932-479F-A6EE-D9D3D2799CF8}.Debug|x64.ActiveCfg = Debug|x64
		{261FB662-1932-479F-A6EE-D9D3D2799CF8}.Debug|x64.Build.0 = Debug|x64
		{261FB662-1932-479F-A6EE-D9D3D2799CF8}.Debug|x86.ActiveCfg = Debug|Win32
		{261FB662-1932-479F-A6EE-D9D3D2799CF8}.Debug|x86.Build.0 = Debug|Win32
		{261FB662-1932-479F-A6EE-D9D3D2799CF8}.Release|Any CPU.ActiveCfg = Release|Win32
		{261FB662-1932-479F-A6EE-D9D3D2799CF8}.Release|x64.ActiveCfg = Release|x64
		{261FB662-1932-479F-A6EE-D9D3D2799CF8}.Release|x64.Build.0 = Release|x64
		{261FB662-1932-479F-A6EE-D9D3D2799CF8}.Release|x86.ActiveCfg = Release|Win32
		{261FB662-1932-479F-A6EE-D9D3D2799CF8}.Release|x86.Build.0 = Release|Win32
		{F2D67A7C-2901-4047-A9BF-F1927BE498B8}.Debug|Any CPU.ActiveCfg = Debug|Win32
		{F2D67A7C-2901-4047-A9BF-F1927BE498B8}.Debug|x64.ActiveCfg = Debug|x64
		{F2D67A7C-2901-4047-A9BF-F1927BE498B8}.Debug|x64.Build.0 = Debug|x64
		{F2D67A7C-2901-4047-A9BF-F1927BE498B8}.Debug|x86.ActiveCfg = Debug|Win32
		{F2D67A7C-2901-4047-A9BF-F1927BE498B8}.Debug|x86.Build.0 = Debug|Win32
		{F2D67A7C-2901-4047-A9BF-F1927BE498B8}.Release|Any CPU.ActiveCfg = Release|Win32
		{F2D67A7C-2901-4047-A9BF-F1927BE498B8}.Release|x64.ActiveCfg = Release|x64
		{F2D67A7C-2901-4047-A9BF-F1927BE498B8}.Release|x64.Build.0 = Release|x64
		{F2D67A7C-2901-4047-A9BF-F1927BE498B8}.Release|x86.ActiveCfg = Release|Win32
		{F2D67A7C-2901-4047-A9BF-F1927BE498B8}.Release|x86.Build.0 = Release|Win32
	EndGlobalSection
	GlobalSection(SolutionProperties) = preSolution
		HideSolutionNode = FALSE
	EndGlobalSection
	GlobalSection(ExtensibilityGlobals) = postSolution
		SolutionGuid = {211F43C4-4099-40F4-B2E5-E009F073A086}
	EndGlobalSection
EndGlobal
